
Microsoft Visual Studio Solution File, Format Version 12.00
# Visual Studio Version 16
VisualStudioVersion = 16.0.30717.126
MinimumVisualStudioVersion = 10.0.40219.1
Project("{FAE04EC0-301F-11D3-BF4B-00C04F79EFBC}") = "AccountManager", "AccountManager\AccountManager.csproj", "{9569DD21-560A-4280-9F6D-C19D0556CAC1}"
EndProject
Global
	GlobalSection(SolutionConfigurationPlatforms) = preSolution
		Debug|Any CPU = Debug|Any CPU
		Release|Any CPU = Release|Any CPU
	EndGlobalSection
	GlobalSection(ProjectConfigurationPlatforms) = postSolution
		{9569DD21-560A-4280-9F6D-C19D0556CAC1}.Debug|Any CPU.ActiveCfg = Debug|Any CPU
		{9569DD21-560A-4280-9F6D-C19D0556CAC1}.Debug|Any CPU.Build.0 = Debug|Any CPU
		{9569DD21-560A-4280-9F6D-C19D0556CAC1}.Release|Any CPU.ActiveCfg = Release|Any CPU
		{9569DD21-560A-4280-9F6D-C19D0556CAC1}.Release|Any CPU.Build.0 = Release|Any CPU
	EndGlobalSection
	GlobalSection(SolutionProperties) = preSolution
		HideSolutionNode = FALSE
	EndGlobalSection
	GlobalSection(ExtensibilityGlobals) = postSolution
		SolutionGuid = {0F50AC7F-1C60-48AD-905E-207ACA5472A4}
	EndGlobalSection
EndGlobal
